{
  "object": {
    "pins": [
      {
        "package": "CashCore",
        "repositoryURL": "https://github.com/atmcoin/cash-sdk-ios.git",
        "state": {
          "branch": null,
          "revision": "347e4aae3dfbfda9aa2d8468ea99b4de40fe0883",
          "version": "4.0.2"
        }
      }
    ]
  },
  "version": 1
}
