{
  "object": {
    "pins": [
      {
        "package": "CashCore",
        "repositoryURL": "https://github.com/atmcoin/cash-sdk-ios.git",
        "state": {
          "branch": null,
          "revision": "a6f84c05e3806ef74e226a931cc57bf5f4585376",
          "version": "4.0.0"
        }
      }
    ]
  },
  "version": 1
}
